// !$*UTF8*$!
{
	archiveVersion = 1;
	classes = {
	};
	objectVersion = 56;
	objects = {

/* Begin PBXBuildFile section */
		CD96E3E02C274CC400EB37FC /* JottingsApp.swift in Sources */ = {isa = PBXBuildFile; fileRef = CD96E3DF2C274CC400EB37FC /* JottingsApp.swift */; };
		CD96E3E22C274CC400EB37FC /* ContentView.swift in Sources */ = {isa = PBXBuildFile; fileRef = CD96E3E12C274CC400EB37FC /* ContentView.swift */; };
		CD96E3E62C274CC500EB37FC /* Assets.xcassets in Resources */ = {isa = PBXBuildFile; fileRef = CD96E3E52C274CC500EB37FC /* Assets.xcassets */; };
		CD96E3EA2C274CC500EB37FC /* Preview Assets.xcassets in Resources */ = {isa = PBXBuildFile; fileRef = CD96E3E92C274CC500EB37FC /* Preview Assets.xcassets */; };
		CD96E3F52C274CC500EB37FC /* JottingsTests.swift in Sources */ = {isa = PBXBuildFile; fileRef = CD96E3F42C274CC500EB37FC /* JottingsTests.swift */; };
		CD96E3FF2C274CC500EB37FC /* JottingsUITests.swift in Sources */ = {isa = PBXBuildFile; fileRef = CD96E3FE2C274CC500EB37FC /* JottingsUITests.swift */; };
		CD96E4012C274CC500EB37FC /* JottingsUITestsLaunchTests.swift in Sources */ = {isa = PBXBuildFile; fileRef = CD96E4002C274CC500EB37FC /* JottingsUITestsLaunchTests.swift */; };
		CD96E40E2C274E6900EB37FC /* Note.swift in Sources */ = {isa = PBXBuildFile; fileRef = CD96E40D2C274E6900EB37FC /* Note.swift */; };
		CD9D0B332C2B900300A2FEE5 /* KeyPressTextField.swift in Sources */ = {isa = PBXBuildFile; fileRef = CD9D0B322C2B900300A2FEE5 /* KeyPressTextField.swift */; };
/* End PBXBuildFile section */

/* Begin PBXContainerItemProxy section */
		CD96E3F12C274CC500EB37FC /* PBXContainerItemProxy */ = {
			isa = PBXContainerItemProxy;
			containerPortal = CD96E3D42C274CC400EB37FC /* Project object */;
			proxyType = 1;
			remoteGlobalIDString = CD96E3DB2C274CC400EB37FC;
			remoteInfo = Jottings;
		};
		CD96E3FB2C274CC500EB37FC /* PBXContainerItemProxy */ = {
			isa = PBXContainerItemProxy;
			containerPortal = CD96E3D42C274CC400EB37FC /* Project object */;
			proxyType = 1;
			remoteGlobalIDString = CD96E3DB2C274CC400EB37FC;
			remoteInfo = Jottings;
		};
/* End PBXContainerItemProxy section */

/* Begin PBXFileReference section */
		CD96E3DC2C274CC400EB37FC /* Jottings.app */ = {isa = PBXFileReference; explicitFileType = wrapper.application; includeInIndex = 0; path = Jottings.app; sourceTree = BUILT_PRODUCTS_DIR; };
		CD96E3DF2C274CC400EB37FC /* JottingsApp.swift */ = {isa = PBXFileReference; lastKnownFileType = sourcecode.swift; path = JottingsApp.swift; sourceTree = "<group>"; };
		CD96E3E12C274CC400EB37FC /* ContentView.swift */ = {isa = PBXFileReference; lastKnownFileType = sourcecode.swift; path = ContentView.swift; sourceTree = "<group>"; };
		CD96E3E52C274CC500EB37FC /* Assets.xcassets */ = {isa = PBXFileReference; lastKnownFileType = folder.assetcatalog; path = Assets.xcassets; sourceTree = "<group>"; };
		CD96E3E72C274CC500EB37FC /* Jottings.entitlements */ = {isa = PBXFileReference; lastKnownFileType = text.plist.entitlements; path = Jottings.entitlements; sourceTree = "<group>"; };
		CD96E3E92C274CC500EB37FC /* Preview Assets.xcassets */ = {isa = PBXFileReference; lastKnownFileType = folder.assetcatalog; path = "Preview Assets.xcassets"; sourceTree = "<group>"; };
		CD96E3EB2C274CC500EB37FC /* Info.plist */ = {isa = PBXFileReference; lastKnownFileType = text.plist.xml; path = Info.plist; sourceTree = "<group>"; };
		CD96E3F02C274CC500EB37FC /* JottingsTests.xctest */ = {isa = PBXFileReference; explicitFileType = wrapper.cfbundle; includeInIndex = 0; path = JottingsTests.xctest; sourceTree = BUILT_PRODUCTS_DIR; };
		CD96E3F42C274CC500EB37FC /* JottingsTests.swift */ = {isa = PBXFileReference; lastKnownFileType = sourcecode.swift; path = JottingsTests.swift; sourceTree = "<group>"; };
		CD96E3FA2C274CC500EB37FC /* JottingsUITests.xctest */ = {isa = PBXFileReference; explicitFileType = wrapper.cfbundle; includeInIndex = 0; path = JottingsUITests.xctest; sourceTree = BUILT_PRODUCTS_DIR; };
		CD96E3FE2C274CC500EB37FC /* JottingsUITests.swift */ = {isa = PBXFileReference; lastKnownFileType = sourcecode.swift; path = JottingsUITests.swift; sourceTree = "<group>"; };
		CD96E4002C274CC500EB37FC /* JottingsUITestsLaunchTests.swift */ = {isa = PBXFileReference; lastKnownFileType = sourcecode.swift; path = JottingsUITestsLaunchTests.swift; sourceTree = "<group>"; };
		CD96E40D2C274E6900EB37FC /* Note.swift */ = {isa = PBXFileReference; lastKnownFileType = sourcecode.swift; path = Note.swift; sourceTree = "<group>"; };
		CD9D0B322C2B900300A2FEE5 /* KeyPressTextField.swift */ = {isa = PBXFileReference; lastKnownFileType = sourcecode.swift; path = KeyPressTextField.swift; sourceTree = "<group>"; };
/* End PBXFileReference section */

/* Begin PBXFrameworksBuildPhase section */
		CD96E3D92C274CC400EB37FC /* Frameworks */ = {
			isa = PBXFrameworksBuildPhase;
			buildActionMask = 2147483647;
			files = (
			);
			runOnlyForDeploymentPostprocessing = 0;
		};
		CD96E3ED2C274CC500EB37FC /* Frameworks */ = {
			isa = PBXFrameworksBuildPhase;
			buildActionMask = 2147483647;
			files = (
			);
			runOnlyForDeploymentPostprocessing = 0;
		};
		CD96E3F72C274CC500EB37FC /* Frameworks */ = {
			isa = PBXFrameworksBuildPhase;
			buildActionMask = 2147483647;
			files = (
			);
			runOnlyForDeploymentPostprocessing = 0;
		};
/* End PBXFrameworksBuildPhase section */

/* Begin PBXGroup section */
		CD96E3D32C274CC400EB37FC = {
			isa = PBXGroup;
			children = (
				CD96E3DE2C274CC400EB37FC /* Jottings */,
				CD96E3F32C274CC500EB37FC /* JottingsTests */,
				CD96E3FD2C274CC500EB37FC /* JottingsUITests */,
				CD96E3DD2C274CC400EB37FC /* Products */,
			);
			sourceTree = "<group>";
		};
		CD96E3DD2C274CC400EB37FC /* Products */ = {
			isa = PBXGroup;
			children = (
				CD96E3DC2C274CC400EB37FC /* Jottings.app */,
				CD96E3F02C274CC500EB37FC /* JottingsTests.xctest */,
				CD96E3FA2C274CC500EB37FC /* JottingsUITests.xctest */,
			);
			name = Products;
			sourceTree = "<group>";
		};
		CD96E3DE2C274CC400EB37FC /* Jottings */ = {
			isa = PBXGroup;
			children = (
				CD96E3DF2C274CC400EB37FC /* JottingsApp.swift */,
				CD96E3E12C274CC400EB37FC /* ContentView.swift */,
				CD9D0B322C2B900300A2FEE5 /* KeyPressTextField.swift */,
				CD96E40D2C274E6900EB37FC /* Note.swift */,
				CD96E3E52C274CC500EB37FC /* Assets.xcassets */,
				CD96E3E72C274CC500EB37FC /* Jottings.entitlements */,
				CD96E3EB2C274CC500EB37FC /* Info.plist */,
				CD96E3E82C274CC500EB37FC /* Preview Content */,
			);
			path = Jottings;
			sourceTree = "<group>";
		};
		CD96E3E82C274CC500EB37FC /* Preview Content */ = {
			isa = PBXGroup;
			children = (
				CD96E3E92C274CC500EB37FC /* Preview Assets.xcassets */,
			);
			path = "Preview Content";
			sourceTree = "<group>";
		};
		CD96E3F32C274CC500EB37FC /* JottingsTests */ = {
			isa = PBXGroup;
			children = (
				CD96E3F42C274CC500EB37FC /* JottingsTests.swift */,
			);
			path = JottingsTests;
			sourceTree = "<group>";
		};
		CD96E3FD2C274CC500EB37FC /* JottingsUITests */ = {
			isa = PBXGroup;
			children = (
				CD96E3FE2C274CC500EB37FC /* JottingsUITests.swift */,
				CD96E4002C274CC500EB37FC /* JottingsUITestsLaunchTests.swift */,
			);
			path = JottingsUITests;
			sourceTree = "<group>";
		};
/* End PBXGroup section */

/* Begin PBXNativeTarget section */
		CD96E3DB2C274CC400EB37FC /* Jottings */ = {
			isa = PBXNativeTarget;
			buildConfigurationList = CD96E4042C274CC500EB37FC /* Build configuration list for PBXNativeTarget "Jottings" */;
			buildPhases = (
				CD96E3D82C274CC400EB37FC /* Sources */,
				CD96E3D92C274CC400EB37FC /* Frameworks */,
				CD96E3DA2C274CC400EB37FC /* Resources */,
			);
			buildRules = (
			);
			dependencies = (
			);
			name = Jottings;
			productName = Jottings;
			productReference = CD96E3DC2C274CC400EB37FC /* Jottings.app */;
			productType = "com.apple.product-type.application";
		};
		CD96E3EF2C274CC500EB37FC /* JottingsTests */ = {
			isa = PBXNativeTarget;
			buildConfigurationList = CD96E4072C274CC500EB37FC /* Build configuration list for PBXNativeTarget "JottingsTests" */;
			buildPhases = (
				CD96E3EC2C274CC500EB37FC /* Sources */,
				CD96E3ED2C274CC500EB37FC /* Frameworks */,
				CD96E3EE2C274CC500EB37FC /* Resources */,
			);
			buildRules = (
			);
			dependencies = (
				CD96E3F22C274CC500EB37FC /* PBXTargetDependency */,
			);
			name = JottingsTests;
			productName = JottingsTests;
			productReference = CD96E3F02C274CC500EB37FC /* JottingsTests.xctest */;
			productType = "com.apple.product-type.bundle.unit-test";
		};
		CD96E3F92C274CC500EB37FC /* JottingsUITests */ = {
			isa = PBXNativeTarget;
			buildConfigurationList = CD96E40A2C274CC500EB37FC /* Build configuration list for PBXNativeTarget "JottingsUITests" */;
			buildPhases = (
				CD96E3F62C274CC500EB37FC /* Sources */,
				CD96E3F72C274CC500EB37FC /* Frameworks */,
				CD96E3F82C274CC500EB37FC /* Resources */,
			);
			buildRules = (
			);
			dependencies = (
				CD96E3FC2C274CC500EB37FC /* PBXTargetDependency */,
			);
			name = JottingsUITests;
			productName = JottingsUITests;
			productReference = CD96E3FA2C274CC500EB37FC /* JottingsUITests.xctest */;
			productType = "com.apple.product-type.bundle.ui-testing";
		};
/* End PBXNativeTarget section */

/* Begin PBXProject section */
		CD96E3D42C274CC400EB37FC /* Project object */ = {
			isa = PBXProject;
			attributes = {
				BuildIndependentTargetsInParallel = 1;
				LastSwiftUpdateCheck = 1520;
				LastUpgradeCheck = 1520;
				TargetAttributes = {
					CD96E3DB2C274CC400EB37FC = {
						CreatedOnToolsVersion = 15.2;
					};
					CD96E3EF2C274CC500EB37FC = {
						CreatedOnToolsVersion = 15.2;
						TestTargetID = CD96E3DB2C274CC400EB37FC;
					};
					CD96E3F92C274CC500EB37FC = {
						CreatedOnToolsVersion = 15.2;
						TestTargetID = CD96E3DB2C274CC400EB37FC;
					};
				};
			};
			buildConfigurationList = CD96E3D72C274CC400EB37FC /* Build configuration list for PBXProject "Jottings" */;
			compatibilityVersion = "Xcode 14.0";
			developmentRegion = en;
			hasScannedForEncodings = 0;
			knownRegions = (
				en,
				Base,
			);
			mainGroup = CD96E3D32C274CC400EB37FC;
			productRefGroup = CD96E3DD2C274CC400EB37FC /* Products */;
			projectDirPath = "";
			projectRoot = "";
			targets = (
				CD96E3DB2C274CC400EB37FC /* Jottings */,
				CD96E3EF2C274CC500EB37FC /* JottingsTests */,
				CD96E3F92C274CC500EB37FC /* JottingsUITests */,
			);
		};
/* End PBXProject section */

/* Begin PBXResourcesBuildPhase section */
		CD96E3DA2C274CC400EB37FC /* Resources */ = {
			isa = PBXResourcesBuildPhase;
			buildActionMask = 2147483647;
			files = (
				CD96E3EA2C274CC500EB37FC /* Preview Assets.xcassets in Resources */,
				CD96E3E62C274CC500EB37FC /* Assets.xcassets in Resources */,
			);
			runOnlyForDeploymentPostprocessing = 0;
		};
		CD96E3EE2C274CC500EB37FC /* Resources */ = {
			isa = PBXResourcesBuildPhase;
			buildActionMask = 2147483647;
			files = (
			);
			runOnlyForDeploymentPostprocessing = 0;
		};
		CD96E3F82C274CC500EB37FC /* Resources */ = {
			isa = PBXResourcesBuildPhase;
			buildActionMask = 2147483647;
			files = (
			);
			runOnlyForDeploymentPostprocessing = 0;
		};
/* End PBXResourcesBuildPhase section */

/* Begin PBXSourcesBuildPhase section */
		CD96E3D82C274CC400EB37FC /* Sources */ = {
			isa = PBXSourcesBuildPhase;
			buildActionMask = 2147483647;
			files = (
				CD96E3E22C274CC400EB37FC /* ContentView.swift in Sources */,
				CD96E3E02C274CC400EB37FC /* JottingsApp.swift in Sources */,
				CD96E40E2C274E6900EB37FC /* Note.swift in Sources */,
				CD9D0B332C2B900300A2FEE5 /* KeyPressTextField.swift in Sources */,
			);
			runOnlyForDeploymentPostprocessing = 0;
		};
		CD96E3EC2C274CC500EB37FC /* Sources */ = {
			isa = PBXSourcesBuildPhase;
			buildActionMask = 2147483647;
			files = (
				CD96E3F52C274CC500EB37FC /* JottingsTests.swift in Sources */,
			);
			runOnlyForDeploymentPostprocessing = 0;
		};
		CD96E3F62C274CC500EB37FC /* Sources */ = {
			isa = PBXSourcesBuildPhase;
			buildActionMask = 2147483647;
			files = (
				CD96E4012C274CC500EB37FC /* JottingsUITestsLaunchTests.swift in Sources */,
				CD96E3FF2C274CC500EB37FC /* JottingsUITests.swift in Sources */,
			);
			runOnlyForDeploymentPostprocessing = 0;
		};
/* End PBXSourcesBuildPhase section */

/* Begin PBXTargetDependency section */
		CD96E3F22C274CC500EB37FC /* PBXTargetDependency */ = {
			isa = PBXTargetDependency;
			target = CD96E3DB2C274CC400EB37FC /* Jottings */;
			targetProxy = CD96E3F12C274CC500EB37FC /* PBXContainerItemProxy */;
		};
		CD96E3FC2C274CC500EB37FC /* PBXTargetDependency */ = {
			isa = PBXTargetDependency;
			target = CD96E3DB2C274CC400EB37FC /* Jottings */;
			targetProxy = CD96E3FB2C274CC500EB37FC /* PBXContainerItemProxy */;
		};
/* End PBXTargetDependency section */

/* Begin XCBuildConfiguration section */
		CD96E4022C274CC500EB37FC /* Debug */ = {
			isa = XCBuildConfiguration;
			buildSettings = {
				ALWAYS_SEARCH_USER_PATHS = NO;
				ASSETCATALOG_COMPILER_GENERATE_SWIFT_ASSET_SYMBOL_EXTENSIONS = YES;
				CLANG_ANALYZER_NONNULL = YES;
				CLANG_ANALYZER_NUMBER_OBJECT_CONVERSION = YES_AGGRESSIVE;
				CLANG_CXX_LANGUAGE_STANDARD = "gnu++20";
				CLANG_ENABLE_MODULES = YES;
				CLANG_ENABLE_OBJC_ARC = YES;
				CLANG_ENABLE_OBJC_WEAK = YES;
				CLANG_WARN_BLOCK_CAPTURE_AUTORELEASING = YES;
				CLANG_WARN_BOOL_CONVERSION = YES;
				CLANG_WARN_COMMA = YES;
				CLANG_WARN_CONSTANT_CONVERSION = YES;
				CLANG_WARN_DEPRECATED_OBJC_IMPLEMENTATIONS = YES;
				CLANG_WARN_DIRECT_OBJC_ISA_USAGE = YES_ERROR;
				CLANG_WARN_DOCUMENTATION_COMMENTS = YES;
				CLANG_WARN_EMPTY_BODY = YES;
				CLANG_WARN_ENUM_CONVERSION = YES;
				CLANG_WARN_INFINITE_RECURSION = YES;
				CLANG_WARN_INT_CONVERSION = YES;
				CLANG_WARN_NON_LITERAL_NULL_CONVERSION = YES;
				CLANG_WARN_OBJC_IMPLICIT_RETAIN_SELF = YES;
				CLANG_WARN_OBJC_LITERAL_CONVERSION = YES;
				CLANG_WARN_OBJC_ROOT_CLASS = YES_ERROR;
				CLANG_WARN_QUOTED_INCLUDE_IN_FRAMEWORK_HEADER = YES;
				CLANG_WARN_RANGE_LOOP_ANALYSIS = YES;
				CLANG_WARN_STRICT_PROTOTYPES = YES;
				CLANG_WARN_SUSPICIOUS_MOVE = YES;
				CLANG_WARN_UNGUARDED_AVAILABILITY = YES_AGGRESSIVE;
				CLANG_WARN_UNREACHABLE_CODE = YES;
				CLANG_WARN__DUPLICATE_METHOD_MATCH = YES;
				COPY_PHASE_STRIP = NO;
				DEBUG_INFORMATION_FORMAT = dwarf;
				ENABLE_STRICT_OBJC_MSGSEND = YES;
				ENABLE_TESTABILITY = YES;
				ENABLE_USER_SCRIPT_SANDBOXING = YES;
				GCC_C_LANGUAGE_STANDARD = gnu17;
				GCC_DYNAMIC_NO_PIC = NO;
				GCC_NO_COMMON_BLOCKS = YES;
				GCC_OPTIMIZATION_LEVEL = 0;
				GCC_PREPROCESSOR_DEFINITIONS = (
					"DEBUG=1",
					"$(inherited)",
				);
				GCC_WARN_64_TO_32_BIT_CONVERSION = YES;
				GCC_WARN_ABOUT_RETURN_TYPE = YES_ERROR;
				GCC_WARN_UNDECLARED_SELECTOR = YES;
				GCC_WARN_UNINITIALIZED_AUTOS = YES_AGGRESSIVE;
				GCC_WARN_UNUSED_FUNCTION = YES;
				GCC_WARN_UNUSED_VARIABLE = YES;
				LOCALIZATION_PREFERS_STRING_CATALOGS = YES;
				MTL_ENABLE_DEBUG_INFO = INCLUDE_SOURCE;
				MTL_FAST_MATH = YES;
				ONLY_ACTIVE_ARCH = YES;
				SWIFT_ACTIVE_COMPILATION_CONDITIONS = "DEBUG $(inherited)";
				SWIFT_OPTIMIZATION_LEVEL = "-Onone";
			};
			name = Debug;
		};
		CD96E4032C274CC500EB37FC /* Release */ = {
			isa = XCBuildConfiguration;
			buildSettings = {
				ALWAYS_SEARCH_USER_PATHS = NO;
				ASSETCATALOG_COMPILER_GENERATE_SWIFT_ASSET_SYMBOL_EXTENSIONS = YES;
				CLANG_ANALYZER_NONNULL = YES;
				CLANG_ANALYZER_NUMBER_OBJECT_CONVERSION = YES_AGGRESSIVE;
				CLANG_CXX_LANGUAGE_STANDARD = "gnu++20";
				CLANG_ENABLE_MODULES = YES;
				CLANG_ENABLE_OBJC_ARC = YES;
				CLANG_ENABLE_OBJC_WEAK = YES;
				CLANG_WARN_BLOCK_CAPTURE_AUTORELEASING = YES;
				CLANG_WARN_BOOL_CONVERSION = YES;
				CLANG_WARN_COMMA = YES;
				CLANG_WARN_CONSTANT_CONVERSION = YES;
				CLANG_WARN_DEPRECATED_OBJC_IMPLEMENTATIONS = YES;
				CLANG_WARN_DIRECT_OBJC_ISA_USAGE = YES_ERROR;
				CLANG_WARN_DOCUMENTATION_COMMENTS = YES;
				CLANG_WARN_EMPTY_BODY = YES;
				CLANG_WARN_ENUM_CONVERSION = YES;
				CLANG_WARN_INFINITE_RECURSION = YES;
				CLANG_WARN_INT_CONVERSION = YES;
				CLANG_WARN_NON_LITERAL_NULL_CONVERSION = YES;
				CLANG_WARN_OBJC_IMPLICIT_RETAIN_SELF = YES;
				CLANG_WARN_OBJC_LITERAL_CONVERSION = YES;
				CLANG_WARN_OBJC_ROOT_CLASS = YES_ERROR;
				CLANG_WARN_QUOTED_INCLUDE_IN_FRAMEWORK_HEADER = YES;
				CLANG_WARN_RANGE_LOOP_ANALYSIS = YES;
				CLANG_WARN_STRICT_PROTOTYPES = YES;
				CLANG_WARN_SUSPICIOUS_MOVE = YES;
				CLANG_WARN_UNGUARDED_AVAILABILITY = YES_AGGRESSIVE;
				CLANG_WARN_UNREACHABLE_CODE = YES;
				CLANG_WARN__DUPLICATE_METHOD_MATCH = YES;
				COPY_PHASE_STRIP = NO;
				DEBUG_INFORMATION_FORMAT = "dwarf-with-dsym";
				ENABLE_NS_ASSERTIONS = NO;
				ENABLE_STRICT_OBJC_MSGSEND = YES;
				ENABLE_USER_SCRIPT_SANDBOXING = YES;
				GCC_C_LANGUAGE_STANDARD = gnu17;
				GCC_NO_COMMON_BLOCKS = YES;
				GCC_WARN_64_TO_32_BIT_CONVERSION = YES;
				GCC_WARN_ABOUT_RETURN_TYPE = YES_ERROR;
				GCC_WARN_UNDECLARED_SELECTOR = YES;
				GCC_WARN_UNINITIALIZED_AUTOS = YES_AGGRESSIVE;
				GCC_WARN_UNUSED_FUNCTION = YES;
				GCC_WARN_UNUSED_VARIABLE = YES;
				LOCALIZATION_PREFERS_STRING_CATALOGS = YES;
				MTL_ENABLE_DEBUG_INFO = NO;
				MTL_FAST_MATH = YES;
				SWIFT_COMPILATION_MODE = wholemodule;
			};
			name = Release;
		};
		CD96E4052C274CC500EB37FC /* Debug */ = {
			isa = XCBuildConfiguration;
			buildSettings = {
				ASSETCATALOG_COMPILER_APPICON_NAME = AppIcon;
				ASSETCATALOG_COMPILER_GLOBAL_ACCENT_COLOR_NAME = AccentColor;
				CODE_SIGN_ENTITLEMENTS = Jottings/Jottings.entitlements;
				CODE_SIGN_STYLE = Automatic;
				CURRENT_PROJECT_VERSION = 1;
				DEVELOPMENT_ASSET_PATHS = "\"Jottings/Preview Content\"";
				DEVELOPMENT_TEAM = C436KHVHT4;
				ENABLE_HARDENED_RUNTIME = YES;
				ENABLE_PREVIEWS = YES;
				GENERATE_INFOPLIST_FILE = YES;
				INFOPLIST_FILE = Jottings/Info.plist;
				"INFOPLIST_KEY_UIApplicationSceneManifest_Generation[sdk=iphoneos*]" = YES;
				"INFOPLIST_KEY_UIApplicationSceneManifest_Generation[sdk=iphonesimulator*]" = YES;
				"INFOPLIST_KEY_UIApplicationSupportsIndirectInputEvents[sdk=iphoneos*]" = YES;
				"INFOPLIST_KEY_UIApplicationSupportsIndirectInputEvents[sdk=iphonesimulator*]" = YES;
				"INFOPLIST_KEY_UILaunchScreen_Generation[sdk=iphoneos*]" = YES;
				"INFOPLIST_KEY_UILaunchScreen_Generation[sdk=iphonesimulator*]" = YES;
				"INFOPLIST_KEY_UIStatusBarStyle[sdk=iphoneos*]" = UIStatusBarStyleDefault;
				"INFOPLIST_KEY_UIStatusBarStyle[sdk=iphonesimulator*]" = UIStatusBarStyleDefault;
				INFOPLIST_KEY_UISupportedInterfaceOrientations_iPad = "UIInterfaceOrientationPortrait UIInterfaceOrientationPortraitUpsideDown UIInterfaceOrientationLandscapeLeft UIInterfaceOrientationLandscapeRight";
				INFOPLIST_KEY_UISupportedInterfaceOrientations_iPhone = "UIInterfaceOrientationPortrait UIInterfaceOrientationLandscapeLeft UIInterfaceOrientationLandscapeRight";
				IPHONEOS_DEPLOYMENT_TARGET = 17.2;
				LD_RUNPATH_SEARCH_PATHS = "@executable_path/Frameworks";
				"LD_RUNPATH_SEARCH_PATHS[sdk=macosx*]" = "@executable_path/../Frameworks";
				MACOSX_DEPLOYMENT_TARGET = 14.0;
				MARKETING_VERSION = 1.0;
				PRODUCT_BUNDLE_IDENTIFIER = org.rwblickhan.Jottings;
				PRODUCT_NAME = "$(TARGET_NAME)";
				SDKROOT = auto;
				SUPPORTED_PLATFORMS = "iphoneos iphonesimulator macosx";
				SWIFT_EMIT_LOC_STRINGS = YES;
				SWIFT_VERSION = 5.0;
				TARGETED_DEVICE_FAMILY = "1,2";
			};
			name = Debug;
		};
		CD96E4062C274CC500EB37FC /* Release */ = {
			isa = XCBuildConfiguration;
			buildSettings = {
				ASSETCATALOG_COMPILER_APPICON_NAME = AppIcon;
				ASSETCATALOG_COMPILER_GLOBAL_ACCENT_COLOR_NAME = AccentColor;
				CODE_SIGN_ENTITLEMENTS = Jottings/Jottings.entitlements;
				CODE_SIGN_STYLE = Automatic;
				CURRENT_PROJECT_VERSION = 1;
				DEVELOPMENT_ASSET_PATHS = "\"Jottings/Preview Content\"";
				DEVELOPMENT_TEAM = C436KHVHT4;
				ENABLE_HARDENED_RUNTIME = YES;
				ENABLE_PREVIEWS = YES;
				GENERATE_INFOPLIST_FILE = YES;
				INFOPLIST_FILE = Jottings/Info.plist;
				"INFOPLIST_KEY_UIApplicationSceneManifest_Generation[sdk=iphoneos*]" = YES;
				"INFOPLIST_KEY_UIApplicationSceneManifest_Generation[sdk=iphonesimulator*]" = YES;
				"INFOPLIST_KEY_UIApplicationSupportsIndirectInputEvents[sdk=iphoneos*]" = YES;
				"INFOPLIST_KEY_UIApplicationSupportsIndirectInputEvents[sdk=iphonesimulator*]" = YES;
				"INFOPLIST_KEY_UILaunchScreen_Generation[sdk=iphoneos*]" = YES;
				"INFOPLIST_KEY_UILaunchScreen_Generation[sdk=iphonesimulator*]" = YES;
				"INFOPLIST_KEY_UIStatusBarStyle[sdk=iphoneos*]" = UIStatusBarStyleDefault;
				"INFOPLIST_KEY_UIStatusBarStyle[sdk=iphonesimulator*]" = UIStatusBarStyleDefault;
				INFOPLIST_KEY_UISupportedInterfaceOrientations_iPad = "UIInterfaceOrientationPortrait UIInterfaceOrientationPortraitUpsideDown UIInterfaceOrientationLandscapeLeft UIInterfaceOrientationLandscapeRight";
				INFOPLIST_KEY_UISupportedInterfaceOrientations_iPhone = "UIInterfaceOrientationPortrait UIInterfaceOrientationLandscapeLeft UIInterfaceOrientationLandscapeRight";
				IPHONEOS_DEPLOYMENT_TARGET = 17.2;
				LD_RUNPATH_SEARCH_PATHS = "@executable_path/Frameworks";
				"LD_RUNPATH_SEARCH_PATHS[sdk=macosx*]" = "@executable_path/../Frameworks";
				MACOSX_DEPLOYMENT_TARGET = 14.0;
				MARKETING_VERSION = 1.0;
				PRODUCT_BUNDLE_IDENTIFIER = org.rwblickhan.Jottings;
				PRODUCT_NAME = "$(TARGET_NAME)";
				SDKROOT = auto;
				SUPPORTED_PLATFORMS = "iphoneos iphonesimulator macosx";
				SWIFT_EMIT_LOC_STRINGS = YES;
				SWIFT_VERSION = 5.0;
				TARGETED_DEVICE_FAMILY = "1,2";
			};
			name = Release;
		};
		CD96E4082C274CC500EB37FC /* Debug */ = {
			isa = XCBuildConfiguration;
			buildSettings = {
				ALWAYS_EMBED_SWIFT_STANDARD_LIBRARIES = YES;
				BUNDLE_LOADER = "$(TEST_HOST)";
				CODE_SIGN_STYLE = Automatic;
				CURRENT_PROJECT_VERSION = 1;
				DEVELOPMENT_TEAM = C436KHVHT4;
				GENERATE_INFOPLIST_FILE = YES;
				IPHONEOS_DEPLOYMENT_TARGET = 17.2;
				MACOSX_DEPLOYMENT_TARGET = 14.2;
				MARKETING_VERSION = 1.0;
				PRODUCT_BUNDLE_IDENTIFIER = org.rwblickhan.JottingsTests;
				PRODUCT_NAME = "$(TARGET_NAME)";
				SDKROOT = auto;
				SUPPORTED_PLATFORMS = "iphoneos iphonesimulator macosx";
				SWIFT_EMIT_LOC_STRINGS = NO;
				SWIFT_VERSION = 5.0;
				TARGETED_DEVICE_FAMILY = "1,2";
				TEST_HOST = "$(BUILT_PRODUCTS_DIR)/Jottings.app/$(BUNDLE_EXECUTABLE_FOLDER_PATH)/Jottings";
			};
			name = Debug;
		};
		CD96E4092C274CC500EB37FC /* Release */ = {
			isa = XCBuildConfiguration;
			buildSettings = {
				ALWAYS_EMBED_SWIFT_STANDARD_LIBRARIES = YES;
				BUNDLE_LOADER = "$(TEST_HOST)";
				CODE_SIGN_STYLE = Automatic;
				CURRENT_PROJECT_VERSION = 1;
				DEVELOPMENT_TEAM = C436KHVHT4;
				GENERATE_INFOPLIST_FILE = YES;
				IPHONEOS_DEPLOYMENT_TARGET = 17.2;
				MACOSX_DEPLOYMENT_TARGET = 14.2;
				MARKETING_VERSION = 1.0;
				PRODUCT_BUNDLE_IDENTIFIER = org.rwblickhan.JottingsTests;
				PRODUCT_NAME = "$(TARGET_NAME)";
				SDKROOT = auto;
				SUPPORTED_PLATFORMS = "iphoneos iphonesimulator macosx";
				SWIFT_EMIT_LOC_STRINGS = NO;
				SWIFT_VERSION = 5.0;
				TARGETED_DEVICE_FAMILY = "1,2";
				TEST_HOST = "$(BUILT_PRODUCTS_DIR)/Jottings.app/$(BUNDLE_EXECUTABLE_FOLDER_PATH)/Jottings";
			};
			name = Release;
		};
		CD96E40B2C274CC500EB37FC /* Debug */ = {
			isa = XCBuildConfiguration;
			buildSettings = {
				ALWAYS_EMBED_SWIFT_STANDARD_LIBRARIES = YES;
				CODE_SIGN_STYLE = Automatic;
				CURRENT_PROJECT_VERSION = 1;
				DEVELOPMENT_TEAM = C436KHVHT4;
				GENERATE_INFOPLIST_FILE = YES;
				IPHONEOS_DEPLOYMENT_TARGET = 17.2;
				MACOSX_DEPLOYMENT_TARGET = 14.2;
				MARKETING_VERSION = 1.0;
				PRODUCT_BUNDLE_IDENTIFIER = org.rwblickhan.JottingsUITests;
				PRODUCT_NAME = "$(TARGET_NAME)";
				SDKROOT = auto;
				SUPPORTED_PLATFORMS = "iphoneos iphonesimulator macosx";
				SWIFT_EMIT_LOC_STRINGS = NO;
				SWIFT_VERSION = 5.0;
				TARGETED_DEVICE_FAMILY = "1,2";
				TEST_TARGET_NAME = Jottings;
			};
			name = Debug;
		};
		CD96E40C2C274CC500EB37FC /* Release */ = {
			isa = XCBuildConfiguration;
			buildSettings = {
				ALWAYS_EMBED_SWIFT_STANDARD_LIBRARIES = YES;
				CODE_SIGN_STYLE = Automatic;
				CURRENT_PROJECT_VERSION = 1;
				DEVELOPMENT_TEAM = C436KHVHT4;
				GENERATE_INFOPLIST_FILE = YES;
				IPHONEOS_DEPLOYMENT_TARGET = 17.2;
				MACOSX_DEPLOYMENT_TARGET = 14.2;
				MARKETING_VERSION = 1.0;
				PRODUCT_BUNDLE_IDENTIFIER = org.rwblickhan.JottingsUITests;
				PRODUCT_NAME = "$(TARGET_NAME)";
				SDKROOT = auto;
				SUPPORTED_PLATFORMS = "iphoneos iphonesimulator macosx";
				SWIFT_EMIT_LOC_STRINGS = NO;
				SWIFT_VERSION = 5.0;
				TARGETED_DEVICE_FAMILY = "1,2";
				TEST_TARGET_NAME = Jottings;
			};
			name = Release;
		};
/* End XCBuildConfiguration section */

/* Begin XCConfigurationList section */
		CD96E3D72C274CC400EB37FC /* Build configuration list for PBXProject "Jottings" */ = {
			isa = XCConfigurationList;
			buildConfigurations = (
				CD96E4022C274CC500EB37FC /* Debug */,
				CD96E4032C274CC500EB37FC /* Release */,
			);
			defaultConfigurationIsVisible = 0;
			defaultConfigurationName = Release;
		};
		CD96E4042C274CC500EB37FC /* Build configuration list for PBXNativeTarget "Jottings" */ = {
			isa = XCConfigurationList;
			buildConfigurations = (
				CD96E4052C274CC500EB37FC /* Debug */,
				CD96E4062C274CC500EB37FC /* Release */,
			);
			defaultConfigurationIsVisible = 0;
			defaultConfigurationName = Release;
		};
		CD96E4072C274CC500EB37FC /* Build configuration list for PBXNativeTarget "JottingsTests" */ = {
			isa = XCConfigurationList;
			buildConfigurations = (
				CD96E4082C274CC500EB37FC /* Debug */,
				CD96E4092C274CC500EB37FC /* Release */,
			);
			defaultConfigurationIsVisible = 0;
			defaultConfigurationName = Release;
		};
		CD96E40A2C274CC500EB37FC /* Build configuration list for PBXNativeTarget "JottingsUITests" */ = {
			isa = XCConfigurationList;
			buildConfigurations = (
				CD96E40B2C274CC500EB37FC /* Debug */,
				CD96E40C2C274CC500EB37FC /* Release */,
			);
			defaultConfigurationIsVisible = 0;
			defaultConfigurationName = Release;
		};
/* End XCConfigurationList section */
	};
	rootObject = CD96E3D42C274CC400EB37FC /* Project object */;
}
